
Microsoft Visual Studio Solution File, Format Version 12.00
# Visual Studio Version 17
VisualStudioVersion = 17.6.33723.286
MinimumVisualStudioVersion = 10.0.40219.1
Project("{FAE04EC0-301F-11D3-BF4B-00C04F79EFBC}") = "CS464_QuanLySinhVien_Nhom6", "CS464_QuanLySinhVien_Nhom6\CS464_QuanLySinhVien_Nhom6.csproj", "{6A93FE4D-9E88-4AE8-BE73-0A970AEF86C4}"
EndProject
Global
	GlobalSection(SolutionConfigurationPlatforms) = preSolution
		Debug|Any CPU = Debug|Any CPU
		Release|Any CPU = Release|Any CPU
	EndGlobalSection
	GlobalSection(ProjectConfigurationPlatforms) = postSolution
		{6A93FE4D-9E88-4AE8-BE73-0A970AEF86C4}.Debug|Any CPU.ActiveCfg = Debug|Any CPU
		{6A93FE4D-9E88-4AE8-BE73-0A970AEF86C4}.Debug|Any CPU.Build.0 = Debug|Any CPU
		{6A93FE4D-9E88-4AE8-BE73-0A970AEF86C4}.Release|Any CPU.ActiveCfg = Release|Any CPU
		{6A93FE4D-9E88-4AE8-BE73-0A970AEF86C4}.Release|Any CPU.Build.0 = Release|Any CPU
	EndGlobalSection
	GlobalSection(SolutionProperties) = preSolution
		HideSolutionNode = FALSE
	EndGlobalSection
	GlobalSection(ExtensibilityGlobals) = postSolution
		SolutionGuid = {59F14212-2365-4D00-BD35-3D27D0338064}
	EndGlobalSection
EndGlobal
